PODS:
  - BEMCheckBox (1.4.1)
  - Differentiator (3.0.1)
  - M13Checkbox (3.1.3)
  - Nimble (5.1.1)
  - Quick (1.0.0)
  - RealtimeBindings (0.1.0):
    - RxCocoa (~> 4.0)
    - RxDataSources (~> 3.0)
    - RxSwift (~> 4.0)
  - RxBlocking (4.0.0):
    - RxSwift (~> 4.0)
  - RxCocoa (4.0.0):
    - RxSwift (~> 4.0)
  - RxDataSources (3.0.1):
    - Differentiator (~> 3.0)
    - RxCocoa (~> 4.0)
    - RxSwift (~> 4.0)
  - RxSwift (4.0.0)

DEPENDENCIES:
  - BEMCheckBox (= 1.4.1)
  - M13Checkbox (= 3.1.3)
  - Nimble (~> 5.1.1)
  - Quick (~> 1.0.0)
  - RealtimeBindings (from `../`)
  - RxBlocking (~> 4.0)

EXTERNAL SOURCES:
  RealtimeBindings:
    :path: ../

SPEC CHECKSUMS:
  BEMCheckBox: 5ba6e37ade3d3657b36caecc35c8b75c6c2b1a4e
  Differentiator: ffe513ce1ea4e7198b89fac94d6e281c673055a9
  M13Checkbox: c132a7e0eb964731855eff67b883a0b21b7c0977
  Nimble: 415e3aa3267e7bc2c96b05fa814ddea7bb686a29
  Quick: 8024e4a47e6cc03a9d5245ef0948264fc6d27cff
  RealtimeBindings: b1d4d4a0e512962585f6d17571cbfdf9a66ca15f
  RxBlocking: 923c2c8106d80d7c2d6b276afd66ce3b10824836
  RxCocoa: d62846ca96495d862fa4c59ea7d87e5031d7340e
  RxDataSources: 098b7e62b6316313b14d6bf594e3f4f4f62a238a
  RxSwift: fd680d75283beb5e2559486f3c0ff852f0d35334

PODFILE CHECKSUM: b853dca30119535567d7ca80fa872cae5cca5f18

COCOAPODS: 1.3.1
